
Microsoft Visual Studio Solution File, Format Version 12.00
# Visual Studio Version 17
VisualStudioVersion = 17.10.35013.160
MinimumVisualStudioVersion = 10.0.40219.1
Project("{FAE04EC0-301F-11D3-BF4B-00C04F79EFBC}") = "MyStats_Rest", "MyStats_Rest\MyStats_Rest.csproj", "{3E6F1A6D-CB72-4FE1-AC8C-4B892823E9FD}"
EndProject
Global
	GlobalSection(SolutionConfigurationPlatforms) = preSolution
		Debug|Any CPU = Debug|Any CPU
		Release|Any CPU = Release|Any CPU
	EndGlobalSection
	GlobalSection(ProjectConfigurationPlatforms) = postSolution
		{3E6F1A6D-CB72-4FE1-AC8C-4B892823E9FD}.Debug|Any CPU.ActiveCfg = Debug|Any CPU
		{3E6F1A6D-CB72-4FE1-AC8C-4B892823E9FD}.Debug|Any CPU.Build.0 = Debug|Any CPU
		{3E6F1A6D-CB72-4FE1-AC8C-4B892823E9FD}.Release|Any CPU.ActiveCfg = Release|Any CPU
		{3E6F1A6D-CB72-4FE1-AC8C-4B892823E9FD}.Release|Any CPU.Build.0 = Release|Any CPU
	EndGlobalSection
	GlobalSection(SolutionProperties) = preSolution
		HideSolutionNode = FALSE
	EndGlobalSection
	GlobalSection(ExtensibilityGlobals) = postSolution
		SolutionGuid = {955FA69D-4C36-4013-9AB3-44FCA2F73CA2}
	EndGlobalSection
EndGlobal
